version = 1
requires-python = ">=3.8"

[[package]]
name = "asgiref"
version = "3.2.10"
source = { registry = "https://pypi.org/simple" }
sdist = { url = "https://files.pythonhosted.org/packages/6d/6e/6e0ff19e7054491be7390fec2b711f838b31282fd3afe28057314d72f11b/asgiref-3.2.10.tar.gz", hash = "sha256:7e51911ee147dd685c3c8b805c0ad0cb58d360987b56953878f8c06d2d1c6f1a", size = 25669 }
wheels = [
    { url = "https://files.pythonhosted.org/packages/d5/eb/64725b25f991010307fd18a9e0c1f0e6dff2f03622fc4bcbcdb2244f60d6/asgiref-3.2.10-py3-none-any.whl", hash = "sha256:9fc6fb5d39b8af147ba40765234fa822b39818b12cc80b35ad9b0cef3a476aed", size = 19431 },
]

[[package]]
name = "beautifulsoup4"
version = "4.9.1"
source = { registry = "https://pypi.org/simple" }
dependencies = [
    { name = "soupsieve" },
]
sdist = { url = "https://files.pythonhosted.org/packages/c6/62/8a2bef01214eeaa5a4489eca7104e152968729512ee33cb5fbbc37a896b7/beautifulsoup4-4.9.1.tar.gz", hash = "sha256:73cc4d115b96f79c7d77c1c7f7a0a8d4c57860d1041df407dd1aae7f07a77fd7", size = 374759 }
wheels = [
    { url = "https://files.pythonhosted.org/packages/66/25/ff030e2437265616a1e9b25ccc864e0371a0bc3adb7c5a404fd661c6f4f6/beautifulsoup4-4.9.1-py3-none-any.whl", hash = "sha256:a6237df3c32ccfaee4fd201c8f5f9d9df619b93121d01353a64a73ce8c6ef9a8", size = 115057 },
]

[[package]]
name = "bleach"
version = "3.3.0"
source = { registry = "https://pypi.org/simple" }
dependencies = [
    { name = "packaging" },
    { name = "six" },
    { name = "webencodings" },
]
sdist = { url = "https://files.pythonhosted.org/packages/70/84/2783f734240fab7815a00b419c4281d2d0984971de30b08176aae2acff10/bleach-3.3.0.tar.gz", hash = "sha256:98b3170739e5e83dd9dc19633f074727ad848cbedb6026708c8ac2d3b697a433", size = 181274 }
wheels = [
    { url = "https://files.pythonhosted.org/packages/f0/46/2bbd92086a4c6f051214cb48df6d9132b5f32c5e881d3f4991b16ec7e499/bleach-3.3.0-py2.py3-none-any.whl", hash = "sha256:6123ddc1052673e52bab52cdc955bcb57a015264a1c57d37bea2f6b817af0125", size = 283459 },
]

[[package]]
name = "certifi"
version = "2020.6.20"
source = { registry = "https://pypi.org/simple" }
sdist = { url = "https://files.pythonhosted.org/packages/40/a7/ded59fa294b85ca206082306bba75469a38ea1c7d44ea7e1d64f5443d67a/certifi-2020.6.20.tar.gz", hash = "sha256:5930595817496dd21bb8dc35dad090f1c2cd0adfaf21204bf6732ca5d8ee34d3", size = 157997 }
wheels = [
    { url = "https://files.pythonhosted.org/packages/5e/c4/6c4fe722df5343c33226f0b4e0bb042e4dc13483228b4718baf286f86d87/certifi-2020.6.20-py2.py3-none-any.whl", hash = "sha256:8fc0819f1f30ba15bdb34cceffb9ef04d99f420f68eb75d901e9560b8749fc41", size = 156576 },
]

[[package]]
name = "chardet"
version = "3.0.4"
source = { registry = "https://pypi.org/simple" }
sdist = { url = "https://files.pythonhosted.org/packages/fc/bb/a5768c230f9ddb03acc9ef3f0d4a3cf93462473795d18e9535498c8f929d/chardet-3.0.4.tar.gz", hash = "sha256:84ab92ed1c4d4f16916e05906b6b75a6c0fb5db821cc65e70cbd64a3e2a5eaae", size = 1868453 }
wheels = [
    { url = "https://files.pythonhosted.org/packages/bc/a9/01ffebfb562e4274b6487b4bb1ddec7ca55ec7510b22e4c51f14098443b8/chardet-3.0.4-py2.py3-none-any.whl", hash = "sha256:fc323ffcaeaed0e0a02bf4d117757b98aed530d9ed4531e3e15460124c106691", size = 133356 },
]

[[package]]
name = "charset-normalizer"
version = "2.0.12"
source = { registry = "https://pypi.org/simple" }
sdist = { url = "https://files.pythonhosted.org/packages/56/31/7bcaf657fafb3c6db8c787a865434290b726653c912085fbd371e9b92e1c/charset-normalizer-2.0.12.tar.gz", hash = "sha256:2857e29ff0d34db842cd7ca3230549d1a697f96ee6d3fb071cfa6c7393832597", size = 79105 }
wheels = [
    { url = "https://files.pythonhosted.org/packages/06/b3/24afc8868eba069a7f03650ac750a778862dc34941a4bebeb58706715726/charset_normalizer-2.0.12-py3-none-any.whl", hash = "sha256:6881edbebdb17b39b4eaaa821b438bf6eddffb4468cf344f09f89def34a8b1df", size = 39623 },
]

[[package]]
name = "clearcache-python"
version = "0.0.8"
source = { registry = "https://pypi.org/simple" }
dependencies = [
    { name = "requests" },
]
sdist = { url = "https://files.pythonhosted.org/packages/e8/c8/42b0d6cc99f7b5f5a17064a19f21646c686760b53f101ae6524d2f8d6029/clearcache-python-0.0.8.tar.gz", hash = "sha256:ff3ae84ce01957a3511ae7317f21e96bed04b4312bc683cec2b9c8548dc9cbf3", size = 2287 }

[[package]]
name = "django"
version = "3.1.14"
source = { registry = "https://pypi.org/simple" }
dependencies = [
    { name = "asgiref" },
    { name = "pytz" },
    { name = "sqlparse" },
]
sdist = { url = "https://files.pythonhosted.org/packages/7a/59/b774fbaf743e675e9a808406a39814effb723c7c0b1d4a5b3b2e794ce077/Django-3.1.14.tar.gz", hash = "sha256:72a4a5a136a214c39cf016ccdd6b69e2aa08c7479c66d93f3a9b5e4bb9d8a347", size = 9659386 }
wheels = [
    { url = "https://files.pythonhosted.org/packages/6b/2e/b031dc0789840ebc108d4654c134e86a9f6593ce9c58ce39328c142b24b8/Django-3.1.14-py3-none-any.whl", hash = "sha256:0fabc786489af16ad87a8c170ba9d42bfd23f7b699bd5ef05675864e8d012859", size = 7835424 },
]

[[package]]
name = "django-appconf"
version = "1.0.4"
source = { registry = "https://pypi.org/simple" }
dependencies = [
    { name = "django" },
]
sdist = { url = "https://files.pythonhosted.org/packages/11/17/3093cd487d17e54d7d25ede33b0c7694982bf5f2a3d8055059f25eb9f90c/django-appconf-1.0.4.tar.gz", hash = "sha256:be58deb54a43d77d2e1621fe59f787681376d3cd0b8bd8e4758ef6c3a6453380", size = 18733 }
wheels = [
    { url = "https://files.pythonhosted.org/packages/72/fe/1fa374775fb853c6a075f301eeb48e9069460e03f4d3c3d5502fb1b4a766/django_appconf-1.0.4-py2.py3-none-any.whl", hash = "sha256:1b1d0e1069c843ebe8ae5aa48ec52403b1440402b320c3e3a206a0907e97bb06", size = 6325 },
]

[[package]]
name = "django-bleach"
version = "0.6.1"
source = { registry = "https://pypi.org/simple" }
dependencies = [
    { name = "bleach" },
    { name = "django" },
]
sdist = { url = "https://files.pythonhosted.org/packages/fe/7e/930decd45f50d7a8b4c97948442f4d0e4f8f6eea344b2b4541e836af3ae0/django-bleach-0.6.1.tar.gz", hash = "sha256:674709c26040618aff0741ce8261fd151e5ead405bd50568c2034662d69daac3", size = 20226 }
wheels = [
    { url = "https://files.pythonhosted.org/packages/df/cf/2bf277fb6e3ca840ff6ca0c0e856bc4dd4a20e3dde31777a8f0f3c2f5f98/django_bleach-0.6.1-py2.py3-none-any.whl", hash = "sha256:59de95cd98f924992313821ab7f94cd64a03aa900ca980bd3b062d8aef1a7954", size = 14162 },
]

[[package]]
name = "django-compressor"
version = "2.4"
source = { registry = "https://pypi.org/simple" }
dependencies = [
    { name = "django-appconf" },
    { name = "rcssmin" },
    { name = "rjsmin" },
    { name = "six" },
]
sdist = { url = "https://files.pythonhosted.org/packages/7d/3f/9665c787d60203832ace5c8d5181dd1e03c7bec09f490a8555815bea2429/django_compressor-2.4.tar.gz", hash = "sha256:d2ed1c6137ddaac5536233ec0a819e14009553fee0a869bea65d03e5285ba74f", size = 111853 }
wheels = [
    { url = "https://files.pythonhosted.org/packages/d7/07/2c7524eb05f9eb770b3e39deb0dacf6fb8c5d21107c9d1cbab3ebd300bfe/django_compressor-2.4-py2.py3-none-any.whl", hash = "sha256:57ac0a696d061e5fc6fbc55381d2050f353b973fb97eee5593f39247bc0f30af", size = 126068 },
]

[[package]]
name = "django-filter"
version = "2.4.0"
source = { registry = "https://pypi.org/simple" }
dependencies = [
    { name = "django" },
]
sdist = { url = "https://files.pythonhosted.org/packages/7b/cf/adae3e55995ea27e1dceb493e0226557d4207d8819ddb99591df5204a471/django-filter-2.4.0.tar.gz", hash = "sha256:84e9d5bb93f237e451db814ed422a3a625751cbc9968b484ecc74964a8696b06", size = 146904 }
wheels = [
    { url = "https://files.pythonhosted.org/packages/71/2b/b2fe483c3095b6222725dd05f9ad9e6ed6cb7347c154fdbd80238d36f1a8/django_filter-2.4.0-py3-none-any.whl", hash = "sha256:e00d32cebdb3d54273c48f4f878f898dced8d5dfaad009438fe61ebdf535ace1", size = 73156 },
]

[[package]]
name = "django-taggit"
version = "1.3.0"
source = { registry = "https://pypi.org/simple" }
dependencies = [
    { name = "django" },
]
sdist = { url = "https://files.pythonhosted.org/packages/c2/9e/1f8a8511d58f0c9fa539a93581a3744d93b46316d40c7d297464c57e9b50/django-taggit-1.3.0.tar.gz", hash = "sha256:4a833bf71f4c2deddd9745924eee53be1c075d7f0020a06f12e29fa3d752732d", size = 46986 }
wheels = [
    { url = "https://files.pythonhosted.org/packages/56/3e/dde2d7151bc0c4ac65d225e611a85e54a897c551507e8eca2c06a083f3f4/django_taggit-1.3.0-py3-none-any.whl", hash = "sha256:609b0223d8a652f3fae088b7fd29f294fdadaca2d7931d45c27d6c59b02fdf31", size = 45709 },
]

[[package]]
name = "django-widget-tweaks"
version = "1.4.8"
source = { registry = "https://pypi.org/simple" }
sdist = { url = "https://files.pythonhosted.org/packages/54/49/b48a89cdf6dfead1091fbf3304dc0a5bac6a4a5ef33c146c0bf310e7f4d7/django-widget-tweaks-1.4.8.tar.gz", hash = "sha256:9f91ca4217199b7671971d3c1f323a2bec71a0c27dec6260b3c006fa541bc489", size = 11424 }
wheels = [
    { url = "https://files.pythonhosted.org/packages/1d/36/d7eb0ccfe4d55d495943085be7bcb1b262ec3c5052afb18e07dcfb88ecb8/django_widget_tweaks-1.4.8-py2.py3-none-any.whl", hash = "sha256:f80bff4a8a59b278bb277a405a76a8b9a884e4bae7a6c70e78a39c626cd1c836", size = 11447 },
]

[[package]]
name = "gunicorn"
version = "21.2.0"
source = { registry = "https://pypi.org/simple" }
dependencies = [
    { name = "packaging" },
]
sdist = { url = "https://files.pythonhosted.org/packages/06/89/acd9879fa6a5309b4bf16a5a8855f1e58f26d38e0c18ede9b3a70996b021/gunicorn-21.2.0.tar.gz", hash = "sha256:88ec8bff1d634f98e61b9f65bc4bf3cd918a90806c6f5c48bc5603849ec81033", size = 3632557 }
wheels = [
    { url = "https://files.pythonhosted.org/packages/0e/2a/c3a878eccb100ccddf45c50b6b8db8cf3301a6adede6e31d48e8531cab13/gunicorn-21.2.0-py3-none-any.whl", hash = "sha256:3213aa5e8c24949e792bcacfc176fef362e7aac80b76c56f6b5122bf350722f0", size = 80176 },
]

[[package]]
name = "html2text"
version = "2020.1.16"
source = { registry = "https://pypi.org/simple" }
sdist = { url = "https://files.pythonhosted.org/packages/6c/f9/033a17d8ea8181aee41f20c74c3b20f1ccbefbbc3f7cd24e3692de99fb25/html2text-2020.1.16.tar.gz", hash = "sha256:e296318e16b059ddb97f7a8a1d6a5c1d7af4544049a01e261731d2d5cc277bbb", size = 49464 }
wheels = [
    { url = "https://files.pythonhosted.org/packages/ae/88/14655f727f66b3e3199f4467bafcc88283e6c31b562686bf606264e09181/html2text-2020.1.16-py3-none-any.whl", hash = "sha256:c7c629882da0cf377d66f073329ccf34a12ed2adf0169b9285ae4e63ef54c82b", size = 32055 },
]

[[package]]
name = "html5lib"
version = "1.1"
source = { registry = "https://pypi.org/simple" }
dependencies = [
    { name = "six" },
    { name = "webencodings" },
]
sdist = { url = "https://files.pythonhosted.org/packages/ac/b6/b55c3f49042f1df3dcd422b7f224f939892ee94f22abcf503a9b7339eaf2/html5lib-1.1.tar.gz", hash = "sha256:b2e5b40261e20f354d198eae92afc10d750afb487ed5e50f9c4eaf07c184146f", size = 272215 }
wheels = [
    { url = "https://files.pythonhosted.org/packages/6c/dd/a834df6482147d48e225a49515aabc28974ad5a4ca3215c18a882565b028/html5lib-1.1-py2.py3-none-any.whl", hash = "sha256:0d78f8fde1c230e99fe37986a60526d7049ed4bf8a9fadbad5f00e22e58e041d", size = 112173 },
]

[[package]]
name = "idna"
version = "2.10"
source = { registry = "https://pypi.org/simple" }
sdist = { url = "https://files.pythonhosted.org/packages/ea/b7/e0e3c1c467636186c39925827be42f16fee389dc404ac29e930e9136be70/idna-2.10.tar.gz", hash = "sha256:b307872f855b18632ce0c21c5e45be78c0ea7ae4c15c828c20788b26921eb3f6", size = 175616 }
wheels = [
    { url = "https://files.pythonhosted.org/packages/a2/38/928ddce2273eaa564f6f50de919327bf3a00f091b5baba8dfa9460f3a8a8/idna-2.10-py2.py3-none-any.whl", hash = "sha256:b97d804b1e9b523befed77c48dacec60e6dcb0b5391d57af6a65a312a90648c0", size = 58811 },
]

[[package]]
name = "lorem"
version = "0.1.1"
source = { registry = "https://pypi.org/simple" }
sdist = { url = "https://files.pythonhosted.org/packages/3a/ae/6a5d8faaec3bc847ae1999e760f76c7238cefd99452e040e4aea5f723738/lorem-0.1.1.tar.gz", hash = "sha256:785f4109a241fc2891e59705e85d065f6e6d3ed6ad91750a8cb54d4f3e59d934", size = 3913 }
wheels = [
    { url = "https://files.pythonhosted.org/packages/90/7e/963834e2a400cefdf72af1e10a106c9e849cb4c149cc7b394cb1492effec/lorem-0.1.1-py3-none-any.whl", hash = "sha256:c9c2914b5a772022417c398bd74b7bbd712e73ff029ba82720855e458f13ae42", size = 4999 },
]

[[package]]
name = "mysqlclient"
version = "2.2.7"
source = { registry = "https://pypi.org/simple" }
sdist = { url = "https://files.pythonhosted.org/packages/61/68/810093cb579daae426794bbd9d88aa830fae296e85172d18cb0f0e5dd4bc/mysqlclient-2.2.7.tar.gz", hash = "sha256:24ae22b59416d5fcce7e99c9d37548350b4565baac82f95e149cac6ce4163845", size = 91383 }
wheels = [
    { url = "https://files.pythonhosted.org/packages/0c/24/cdaaef42aac7d53c0a01bb638da64961c293b1b6d204efd47400a68029d4/mysqlclient-2.2.7-cp310-cp310-win_amd64.whl", hash = "sha256:2e3c11f7625029d7276ca506f8960a7fd3c5a0a0122c9e7404e6a8fe961b3d22", size = 207748 },
    { url = "https://files.pythonhosted.org/packages/ef/e3/3e2de3f93cd60dd63bd229ec3e3b679f682982614bf513d046c2722aa4ce/mysqlclient-2.2.7-cp311-cp311-win_amd64.whl", hash = "sha256:a22d99d26baf4af68ebef430e3131bb5a9b722b79a9fcfac6d9bbf8a88800687", size = 207745 },
    { url = "https://files.pythonhosted.org/packages/bb/b5/2a8a4bcba3440550f358b839638fe8ec9146fa3c9194890b4998a530c926/mysqlclient-2.2.7-cp312-cp312-win_amd64.whl", hash = "sha256:4b4c0200890837fc64014cc938ef2273252ab544c1b12a6c1d674c23943f3f2e", size = 208032 },
    { url = "https://files.pythonhosted.org/packages/29/01/e80141f1cd0459e4c9a5dd309dee135bbae41d6c6c121252fdd853001a8a/mysqlclient-2.2.7-cp313-cp313-win_amd64.whl", hash = "sha256:201a6faa301011dd07bca6b651fe5aaa546d7c9a5426835a06c3172e1056a3c5", size = 208000 },
    { url = "https://files.pythonhosted.org/packages/0e/e0/524b0777524e0d410f71987f556dd6a0e3273fdb06cd6e91e96afade7220/mysqlclient-2.2.7-cp39-cp39-win_amd64.whl", hash = "sha256:199dab53a224357dd0cb4d78ca0e54018f9cee9bf9ec68d72db50e0a23569076", size = 207857 },
    { url = "https://files.pythonhosted.org/packages/16/cc/5b1570be9f8597ee41e2a0bd7b62ba861ec2c81898d9449f3d6bfbe15d29/mysqlclient-2.2.7-pp310-pypy310_pp73-win_amd64.whl", hash = "sha256:92af368ed9c9144737af569c86d3b6c74a012a6f6b792eb868384787b52bb585", size = 207800 },
    { url = "https://files.pythonhosted.org/packages/20/40/b5d03494c1caa8f4da171db41d8d9d5b0d8959f893761597d97420083362/mysqlclient-2.2.7-pp39-pypy39_pp73-win_amd64.whl", hash = "sha256:977e35244fe6ef44124e9a1c2d1554728a7b76695598e4b92b37dc2130503069", size = 207965 },
]

[[package]]
name = "packaging"
version = "20.4"
source = { registry = "https://pypi.org/simple" }
dependencies = [
    { name = "pyparsing" },
    { name = "six" },
]
sdist = { url = "https://files.pythonhosted.org/packages/55/fd/fc1aca9cf51ed2f2c11748fa797370027babd82f87829c7a8e6dbe720145/packaging-20.4.tar.gz", hash = "sha256:4357f74f47b9c12db93624a82154e9b120fa8293699949152b22065d556079f8", size = 74402 }
wheels = [
    { url = "https://files.pythonhosted.org/packages/46/19/c5ab91b1b05cfe63cccd5cfc971db9214c6dd6ced54e33c30d5af1d2bc43/packaging-20.4-py2.py3-none-any.whl", hash = "sha256:998416ba6962ae7fbd6596850b80e17859a5753ba17c32284f67bfff33784181", size = 37620 },
]

[[package]]
name = "pillow"
version = "9.2.0"
source = { registry = "https://pypi.org/simple" }
sdist = { url = "https://files.pythonhosted.org/packages/8c/92/2975b464d9926dc667020ed1abfa6276e68c3571dcb77e43347e15ee9eed/Pillow-9.2.0.tar.gz", hash = "sha256:75e636fd3e0fb872693f23ccb8a5ff2cd578801251f3a4f6854c6a5d437d3c04", size = 50017840 }
wheels = [
    { url = "https://files.pythonhosted.org/packages/d8/60/b13c00d403f34110e96c1b5c0afa73ce461efe3fe960c3a7e3e7fe190d82/Pillow-9.2.0-cp310-cp310-macosx_10_10_x86_64.whl", hash = "sha256:a9c9bc489f8ab30906d7a85afac4b4944a572a7432e00698a7239f44a44e6efb", size = 3141953 },
    { url = "https://files.pythonhosted.org/packages/0c/5f/117b653cad585f3aedfe0de996c292e67d4b020ed77f652e5a6c8c24f908/Pillow-9.2.0-cp310-cp310-macosx_11_0_arm64.whl", hash = "sha256:510cef4a3f401c246cfd8227b300828715dd055463cdca6176c2e4036df8bd4f", size = 2785403 },
    { url = "https://files.pythonhosted.org/packages/a7/ae/58aeb5d106ab220ac34abf367fc03f711a4621638c8573842939314d7fff/Pillow-9.2.0-cp310-cp310-manylinux_2_17_aarch64.manylinux2014_aarch64.whl", hash = "sha256:7888310f6214f19ab2b6df90f3f06afa3df7ef7355fc025e78a3044737fab1f5", size = 3027515 },
    { url = "https://files.pythonhosted.org/packages/65/94/d4d2c7b148f2a9f7069325123d9ac9ae64aba2e2a908997f53082bf86908/Pillow-9.2.0-cp310-cp310-manylinux_2_17_i686.manylinux2014_i686.whl", hash = "sha256:831e648102c82f152e14c1a0938689dbb22480c548c8d4b8b248b3e50967b88c", size = 3202954 },
    { url = "https://files.pythonhosted.org/packages/c4/ac/a50a4a11fe2120d3047b567f765afb54d6c57bad704e8c9759153b6359e4/Pillow-9.2.0-cp310-cp310-manylinux_2_17_x86_64.manylinux2014_x86_64.whl", hash = "sha256:1cc1d2451e8a3b4bfdb9caf745b58e6c7a77d2e469159b0d527a4554d73694d1", size = 3124297 },
    { url = "https://files.pythonhosted.org/packages/d2/b9/4434959b8a2bdeccc5181b71d1377aeed352628fdf5c8a92f25868a0f2a0/Pillow-9.2.0-cp310-cp310-manylinux_2_28_aarch64.whl", hash = "sha256:136659638f61a251e8ed3b331fc6ccd124590eeff539de57c5f80ef3a9594e58", size = 3066888 },
    { url = "https://files.pythonhosted.org/packages/f6/51/320986ebd6d46a0e95c2240468ced73153b691ce07617078bcdf30c609ec/Pillow-9.2.0-cp310-cp310-manylinux_2_28_x86_64.whl", hash = "sha256:6e8c66f70fb539301e064f6478d7453e820d8a2c631da948a23384865cd95544", size = 3168458 },
    { url = "https://files.pythonhosted.org/packages/85/7f/8192ff7e5f79f05a637a8c4e697e24083fdc3c92f8f542b23180e49b6623/Pillow-9.2.0-cp310-cp310-musllinux_1_1_x86_64.whl", hash = "sha256:37ff6b522a26d0538b753f0b4e8e164fdada12db6c6f00f62145d732d8a3152e", size = 3225138 },
    { url = "https://files.pythonhosted.org/packages/a8/f6/80e3a20fdce16457ad80e335af6b600ff24afc1949d0184465436257a973/Pillow-9.2.0-cp310-cp310-win32.whl", hash = "sha256:c79698d4cd9318d9481d89a77e2d3fcaeff5486be641e60a4b49f3d2ecca4e28", size = 2831891 },
    { url = "https://files.pythonhosted.org/packages/02/55/67a3c17b9e7d972ed8c246f104da99ca4f3ea42fba566697e479011b84b6/Pillow-9.2.0-cp310-cp310-win_amd64.whl", hash = "sha256:254164c57bab4b459f14c64e93df11eff5ded575192c294a0c49270f22c5d93d", size = 3276402 },
    { url = "https://files.pythonhosted.org/packages/d3/83/77f4cbeb3f06a8bd43b39aa68df3ba2d415254c0cbe7bf7f26c894ebfd30/Pillow-9.2.0-cp311-cp311-macosx_10_10_x86_64.whl", hash = "sha256:adabc0bce035467fb537ef3e5e74f2847c8af217ee0be0455d4fec8adc0462fc", size = 3239205 },
    { url = "https://files.pythonhosted.org/packages/84/6c/2c6e4a6d0f94b1154dcc4e8ec54e9c7c1df70569925508484df02e7f9490/Pillow-9.2.0-cp311-cp311-macosx_11_0_arm64.whl", hash = "sha256:336b9036127eab855beec9662ac3ea13a4544a523ae273cbf108b228ecac8437", size = 2875948 },
    { url = "https://files.pythonhosted.org/packages/57/7a/75294fb31127fe09dc5e17fda63ec0d349e9ad4a580fa6bd8583083f7e05/Pillow-9.2.0-cp311-cp311-manylinux_2_17_aarch64.manylinux2014_aarch64.whl", hash = "sha256:50dff9cc21826d2977ef2d2a205504034e3a4563ca6f5db739b0d1026658e004", size = 3027567 },
    { url = "https://files.pythonhosted.org/packages/dd/87/889f4636c9c42d62094a08f4bcaa3ae5fef512a2c1e699c0c631b2d380e9/Pillow-9.2.0-cp311-cp311-manylinux_2_17_i686.manylinux2014_i686.whl", hash = "sha256:cb6259196a589123d755380b65127ddc60f4c64b21fc3bb46ce3a6ea663659b0", size = 3202901 },
    { url = "https://files.pythonhosted.org/packages/66/a8/d2c36017e6abd37de63ab3c5224d21141c651076068e6c3a169a8b021deb/Pillow-9.2.0-cp311-cp311-manylinux_2_17_x86_64.manylinux2014_x86_64.whl", hash = "sha256:7b0554af24df2bf96618dac71ddada02420f946be943b181108cac55a7a2dcd4", size = 3124316 },
    { url = "https://files.pythonhosted.org/packages/1c/28/f2ed3a4f298319b0b1ece6f527c8f75bbc8c66866eef6a1384be32fdaab9/Pillow-9.2.0-cp311-cp311-manylinux_2_28_aarch64.whl", hash = "sha256:15928f824870535c85dbf949c09d6ae7d3d6ac2d6efec80f3227f73eefba741c", size = 3066934 },
    { url = "https://files.pythonhosted.org/packages/f4/2c/aa1eefda3538b661c1fd2310f19e82b7ee09c5362ab1f8f03b6e69ef5bfb/Pillow-9.2.0-cp311-cp311-manylinux_2_28_x86_64.whl", hash = "sha256:bdd0de2d64688ecae88dd8935012c4a72681e5df632af903a1dca8c5e7aa871a", size = 3168438 },
    { url = "https://files.pythonhosted.org/packages/39/72/7097a5b4b70661df03b8af02152fc5562a6f7ad1eb94b0ceb3c1999ed623/Pillow-9.2.0-cp311-cp311-musllinux_1_1_x86_64.whl", hash = "sha256:d5b87da55a08acb586bad5c3aa3b86505f559b84f39035b233d5bf844b0834b1", size = 3225166 },
    { url = "https://files.pythonhosted.org/packages/c6/d8/ea34b07fdef5adde22ce9710213e7b8ad458969cc05f67f27f2607c3dbdc/Pillow-9.2.0-cp311-cp311-win32.whl", hash = "sha256:b6d5e92df2b77665e07ddb2e4dbd6d644b78e4c0d2e9272a852627cdba0d75cf", size = 2832105 },
    { url = "https://files.pythonhosted.org/packages/93/89/5bcd074b8a4d18c147245f9ce0d18b065013bfcfb1d91d37e5bd4a4592f0/Pillow-9.2.0-cp311-cp311-win_amd64.whl", hash = "sha256:6bf088c1ce160f50ea40764f825ec9b72ed9da25346216b91361eef8ad1b8f8c", size = 3276682 },
    { url = "https://files.pythonhosted.org/packages/c4/c8/a28a8a91468db6b50a45f249835dfb3af58e505b92782fd4b22225e7cb6e/Pillow-9.2.0-cp38-cp38-macosx_10_10_x86_64.whl", hash = "sha256:030e3460861488e249731c3e7ab59b07c7853838ff3b8e16aac9561bb345da14", size = 3141940 },
    { url = "https://files.pythonhosted.org/packages/97/10/24812a758b7b42eb1af34e080ce22e6dc9489cfe845f79c159f9e330cc8e/Pillow-9.2.0-cp38-cp38-macosx_11_0_arm64.whl", hash = "sha256:74a04183e6e64930b667d321524e3c5361094bb4af9083db5c301db64cd341f3", size = 2785412 },
    { url = "https://files.pythonhosted.org/packages/17/3c/c8beada8de13d32a1a6344d04a8ce5b1d45d6954e582c6ed3c967911d4d6/Pillow-9.2.0-cp38-cp38-manylinux_2_17_aarch64.manylinux2014_aarch64.whl", hash = "sha256:2d33a11f601213dcd5718109c09a52c2a1c893e7461f0be2d6febc2879ec2402", size = 3027484 },
    { url = "https://files.pythonhosted.org/packages/47/7d/5b437068f2420e72a3795e31569695d6c5948ce4eac874e6ef35ebd85c58/Pillow-9.2.0-cp38-cp38-manylinux_2_17_i686.manylinux2014_i686.whl", hash = "sha256:1fd6f5e3c0e4697fa7eb45b6e93996299f3feee73a3175fa451f49a74d092b9f", size = 3203099 },
    { url = "https://files.pythonhosted.org/packages/20/cb/261342854f01ff18281e97ec8e6a7ce3beaf8e1091d1cebd52776049358d/Pillow-9.2.0-cp38-cp38-manylinux_2_17_x86_64.manylinux2014_x86_64.whl", hash = "sha256:a647c0d4478b995c5e54615a2e5360ccedd2f85e70ab57fbe817ca613d5e63b8", size = 3124267 },
    { url = "https://files.pythonhosted.org/packages/e8/91/c24d8d6e82f716be090fba3589413a82b354923d565a6b278c18682c8e76/Pillow-9.2.0-cp38-cp38-manylinux_2_28_aarch64.whl", hash = "sha256:4134d3f1ba5f15027ff5c04296f13328fecd46921424084516bdb1b2548e66ff", size = 3066873 },
    { url = "https://files.pythonhosted.org/packages/d8/80/ff6b6ae88982f73d050907dc2c307f387f6a04ce2ca7230ef3a568fbccac/Pillow-9.2.0-cp38-cp38-manylinux_2_28_x86_64.whl", hash = "sha256:bc431b065722a5ad1dfb4df354fb9333b7a582a5ee39a90e6ffff688d72f27a1", size = 3168474 },
    { url = "https://files.pythonhosted.org/packages/ea/bb/dd5e8f584e0faa27c21e0c0a56eb157b9ea97873e3ced3570df089322f15/Pillow-9.2.0-cp38-cp38-musllinux_1_1_x86_64.whl", hash = "sha256:1536ad017a9f789430fb6b8be8bf99d2f214c76502becc196c6f2d9a75b01b76", size = 3225170 },
    { url = "https://files.pythonhosted.org/packages/3a/2c/dd6fe78e01ed1b6d117be95f7e9ed77c77899c14847b1ebe46148b53d354/Pillow-9.2.0-cp38-cp38-win32.whl", hash = "sha256:2ad0d4df0f5ef2247e27fc790d5c9b5a0af8ade9ba340db4a73bb1a4a3e5fb4f", size = 2831262 },
    { url = "https://files.pythonhosted.org/packages/8f/59/97618ad67fc0639ed588c60cfe9d91417f7bae8c87bbe7c7784b0ffdb9f1/Pillow-9.2.0-cp38-cp38-win_amd64.whl", hash = "sha256:ec52c351b35ca269cb1f8069d610fc45c5bd38c3e91f9ab4cbbf0aebc136d9c8", size = 3276000 },
    { url = "https://files.pythonhosted.org/packages/88/7a/ddfe28b485b623361457d4783007c1f9ba83a87f93e7fec32f64793efb6c/Pillow-9.2.0-cp39-cp39-macosx_10_10_x86_64.whl", hash = "sha256:0ed2c4ef2451de908c90436d6e8092e13a43992f1860275b4d8082667fbb2ffc", size = 3141964 },
    { url = "https://files.pythonhosted.org/packages/aa/bc/21097cd891dd2fa02f2b3d767e02e883e026482e59d29975d1bc30024aa3/Pillow-9.2.0-cp39-cp39-macosx_11_0_arm64.whl", hash = "sha256:4ad2f835e0ad81d1689f1b7e3fbac7b01bb8777d5a985c8962bedee0cc6d43da", size = 2785428 },
    { url = "https://files.pythonhosted.org/packages/5b/a4/68e210389f3744043e0ce543d4eb81fe8d7be5462d1c7ac2e59d620991c4/Pillow-9.2.0-cp39-cp39-manylinux_2_17_aarch64.manylinux2014_aarch64.whl", hash = "sha256:ea98f633d45f7e815db648fd7ff0f19e328302ac36427343e4432c84432e7ff4", size = 3027508 },
    { url = "https://files.pythonhosted.org/packages/ae/46/7c11880debb554c06ae0cebf4955611c98634ed4e416a3cd63f4bdb29049/Pillow-9.2.0-cp39-cp39-manylinux_2_17_i686.manylinux2014_i686.whl", hash = "sha256:7761afe0126d046974a01e030ae7529ed0ca6a196de3ec6937c11df0df1bc91c", size = 3203077 },
    { url = "https://files.pythonhosted.org/packages/c1/d2/169e77ffa99a04f6837ff860b022fa1ea925e698e1c544c58268c8fd2afe/Pillow-9.2.0-cp39-cp39-manylinux_2_17_x86_64.manylinux2014_x86_64.whl", hash = "sha256:9a54614049a18a2d6fe156e68e188da02a046a4a93cf24f373bffd977e943421", size = 3124280 },
    { url = "https://files.pythonhosted.org/packages/eb/22/fc208ed1631352e473aa9553a86253435667e16676c0c97229d646b1e540/Pillow-9.2.0-cp39-cp39-manylinux_2_28_aarch64.whl", hash = "sha256:5aed7dde98403cd91d86a1115c78d8145c83078e864c1de1064f52e6feb61b20", size = 3066797 },
    { url = "https://files.pythonhosted.org/packages/01/61/3ff85fb4bb596ce3d223c8fcf93c8df5c12bc8899dfb4fb3cb1c5b20dd5f/Pillow-9.2.0-cp39-cp39-manylinux_2_28_x86_64.whl", hash = "sha256:13b725463f32df1bfeacbf3dd197fb358ae8ebcd8c5548faa75126ea425ccb60", size = 3168498 },
    { url = "https://files.pythonhosted.org/packages/b5/f7/32fb51c965a5fbf3f368e06c82128c306b5fa2ca13f6ae9ad7ac042eca06/Pillow-9.2.0-cp39-cp39-musllinux_1_1_x86_64.whl", hash = "sha256:808add66ea764ed97d44dda1ac4f2cfec4c1867d9efb16a33d158be79f32b8a4", size = 3225143 },
    { url = "https://files.pythonhosted.org/packages/26/bf/3b0c19d97745aea31cbd808b33c6e2686fa3baa0c9a8046ecd403e41a921/Pillow-9.2.0-cp39-cp39-win32.whl", hash = "sha256:337a74fd2f291c607d220c793a8135273c4c2ab001b03e601c36766005f36885", size = 2831826 },
    { url = "https://files.pythonhosted.org/packages/19/3f/b4d4bcf05dbcbe07f2e9613a8f4180c297395e73a91d8ad22c32c6624f8c/Pillow-9.2.0-cp39-cp39-win_amd64.whl", hash = "sha256:fac2d65901fb0fdf20363fbd345c01958a742f2dc62a8dd4495af66e3ff502a4", size = 3276419 },
    { url = "https://files.pythonhosted.org/packages/d6/88/7d83874025345abe8574c81c6eb1e52b935e94e6cf4201c1402d600eb7da/Pillow-9.2.0-pp38-pypy38_pp73-macosx_10_10_x86_64.whl", hash = "sha256:f07f1f00e22b231dd3d9b9208692042e29792d6bd4f6639415d2f23158a80013", size = 3109646 },
    { url = "https://files.pythonhosted.org/packages/29/8e/63969ca113cf56b6ff285ce1d983ebce8a205b57ad2e206e4656c77f47b1/Pillow-9.2.0-pp38-pypy38_pp73-manylinux_2_17_i686.manylinux2014_i686.whl", hash = "sha256:1802f34298f5ba11d55e5bb09c31997dc0c6aed919658dfdf0198a2fe75d5490", size = 3098367 },
    { url = "https://files.pythonhosted.org/packages/53/77/382762dade9b466310b1459180b162140fc06778cb8406e9052e3c5e0f4a/Pillow-9.2.0-pp38-pypy38_pp73-manylinux_2_17_x86_64.manylinux2014_x86_64.whl", hash = "sha256:17d4cafe22f050b46d983b71c707162d63d796a1235cdf8b9d7a112e97b15bac", size = 3038388 },
    { url = "https://files.pythonhosted.org/packages/29/61/9303560bc992d5e1985a260544b008410a53dab8b8f34d2791aeff04bc5b/Pillow-9.2.0-pp38-pypy38_pp73-manylinux_2_28_x86_64.whl", hash = "sha256:96b5e6874431df16aee0c1ba237574cb6dff1dcb173798faa6a9d8b399a05d0e", size = 3063582 },
    { url = "https://files.pythonhosted.org/packages/42/a5/b861588a463b29cfd789ab7e88cb95d33c2a3b6bbbe524f268b4ec8e0ba3/Pillow-9.2.0-pp38-pypy38_pp73-win_amd64.whl", hash = "sha256:0030fdbd926fb85844b8b92e2f9449ba89607231d3dd597a21ae72dc7fe26927", size = 3276002 },
]

[[package]]
name = "pyasn1"
version = "0.4.8"
source = { registry = "https://pypi.org/simple" }
sdist = { url = "https://files.pythonhosted.org/packages/a4/db/fffec68299e6d7bad3d504147f9094830b704527a7fc098b721d38cc7fa7/pyasn1-0.4.8.tar.gz", hash = "sha256:aef77c9fb94a3ac588e87841208bdec464471d9871bd5050a287cc9a475cd0ba", size = 146820 }
wheels = [
    { url = "https://files.pythonhosted.org/packages/62/1e/a94a8d635fa3ce4cfc7f506003548d0a2447ae76fd5ca53932970fe3053f/pyasn1-0.4.8-py2.py3-none-any.whl", hash = "sha256:39c7e2ec30515947ff4e87fb6f456dfc6e84857d34be479c9d4a4ba4bf46aa5d", size = 77145 },
]

[[package]]
name = "pyasn1-modules"
version = "0.2.8"
source = { registry = "https://pypi.org/simple" }
dependencies = [
    { name = "pyasn1" },
]
sdist = { url = "https://files.pythonhosted.org/packages/88/87/72eb9ccf8a58021c542de2588a867dbefc7556e14b2866d1e40e9e2b587e/pyasn1-modules-0.2.8.tar.gz", hash = "sha256:905f84c712230b2c592c19470d3ca8d552de726050d1d1716282a1f6146be65e", size = 242864 }
wheels = [
    { url = "https://files.pythonhosted.org/packages/95/de/214830a981892a3e286c3794f41ae67a4495df1108c3da8a9f62159b9a9d/pyasn1_modules-0.2.8-py2.py3-none-any.whl", hash = "sha256:a50b808ffeb97cb3601dd25981f6b016cbb3d31fbf57a8b8a87428e6158d0c74", size = 155269 },
]

[[package]]
name = "pyparsing"
version = "2.4.7"
source = { registry = "https://pypi.org/simple" }
sdist = { url = "https://files.pythonhosted.org/packages/c1/47/dfc9c342c9842bbe0036c7f763d2d6686bcf5eb1808ba3e170afdb282210/pyparsing-2.4.7.tar.gz", hash = "sha256:c203ec8783bf771a155b207279b9bccb8dea02d8f0c9e5f8ead507bc3246ecc1", size = 649718 }
wheels = [
    { url = "https://files.pythonhosted.org/packages/8a/bb/488841f56197b13700afd5658fc279a2025a39e22449b7cf29864669b15d/pyparsing-2.4.7-py2.py3-none-any.whl", hash = "sha256:ef9d7589ef3c200abe66653d3f1ab1033c3c419ae9b9bdb1240a85b024efc88b", size = 67842 },
]

[[package]]
name = "python-dateutil"
version = "2.8.1"
source = { registry = "https://pypi.org/simple" }
dependencies = [
    { name = "six" },
]
sdist = { url = "https://files.pythonhosted.org/packages/be/ed/5bbc91f03fa4c839c4c7360375da77f9659af5f7086b7a7bdda65771c8e0/python-dateutil-2.8.1.tar.gz", hash = "sha256:73ebfe9dbf22e832286dafa60473e4cd239f8592f699aa5adaf10050e6e1823c", size = 331745 }
wheels = [
    { url = "https://files.pythonhosted.org/packages/d4/70/d60450c3dd48ef87586924207ae8907090de0b306af2bce5d134d78615cb/python_dateutil-2.8.1-py2.py3-none-any.whl", hash = "sha256:75bb3f31ea686f1197762692a9ee6a7550b59fc6ca3a1f4b5d7e32fb98e2da2a", size = 227183 },
]

[[package]]
name = "python-ldap"
version = "3.4.0"
source = { registry = "https://pypi.org/simple" }
dependencies = [
    { name = "pyasn1" },
    { name = "pyasn1-modules" },
]
sdist = { url = "https://files.pythonhosted.org/packages/41/e2/6b12190c171b78d1cd8c9d0d3380d18b85959aecb2b1267f7bdd5b66cd8f/python-ldap-3.4.0.tar.gz", hash = "sha256:60464c8fc25e71e0fd40449a24eae482dcd0fb7fcf823e7de627a6525b3e0d12", size = 376169 }

[[package]]
name = "pytz"
version = "2020.1"
source = { registry = "https://pypi.org/simple" }
sdist = { url = "https://files.pythonhosted.org/packages/f4/f6/94fee50f4d54f58637d4b9987a1b862aeb6cd969e73623e02c5c00755577/pytz-2020.1.tar.gz", hash = "sha256:c35965d010ce31b23eeb663ed3cc8c906275d6be1a34393a1d73a41febf4a048", size = 311771 }
wheels = [
    { url = "https://files.pythonhosted.org/packages/4f/a4/879454d49688e2fad93e59d7d4efda580b783c745fd2ec2a3adf87b0808d/pytz-2020.1-py2.py3-none-any.whl", hash = "sha256:a494d53b6d39c3c6e44c3bec237336e14305e4f29bbf800b599253057fbb79ed", size = 510223 },
]

[[package]]
name = "rcssmin"
version = "1.0.6"
source = { registry = "https://pypi.org/simple" }
sdist = { url = "https://files.pythonhosted.org/packages/e2/5f/852be8aa80d1c24de9b030cdb6532bc7e7a1c8461554f6edbe14335ba890/rcssmin-1.0.6.tar.gz", hash = "sha256:ca87b695d3d7864157773a61263e5abb96006e9ff0e021eff90cbe0e1ba18270", size = 582894 }

[[package]]
name = "requests"
version = "2.27.1"
source = { registry = "https://pypi.org/simple" }
dependencies = [
    { name = "certifi" },
    { name = "charset-normalizer" },
    { name = "idna" },
    { name = "urllib3" },
]
sdist = { url = "https://files.pythonhosted.org/packages/60/f3/26ff3767f099b73e0efa138a9998da67890793bfa475d8278f84a30fec77/requests-2.27.1.tar.gz", hash = "sha256:68d7c56fd5a8999887728ef304a6d12edc7be74f1cfa47714fc8b414525c9a61", size = 106758 }
wheels = [
    { url = "https://files.pythonhosted.org/packages/2d/61/08076519c80041bc0ffa1a8af0cbd3bf3e2b62af10435d269a9d0f40564d/requests-2.27.1-py2.py3-none-any.whl", hash = "sha256:f22fa1e554c9ddfd16e6e41ac79759e17be9e492b3587efa038054674760e72d", size = 63133 },
]

[[package]]
name = "rjsmin"
version = "1.1.0"
source = { registry = "https://pypi.org/simple" }
sdist = { url = "https://files.pythonhosted.org/packages/a2/ba/0fa30f7ec949714b8397e80ee2057d1a7e77b3a9f1b94c1ece93586cf34f/rjsmin-1.1.0.tar.gz", hash = "sha256:b15dc75c71f65d9493a8c7fa233fdcec823e3f1b88ad84a843ffef49b338ac32", size = 412426 }

[[package]]
name = "simplejson"
version = "3.17.2"
source = { registry = "https://pypi.org/simple" }
sdist = { url = "https://files.pythonhosted.org/packages/49/45/a16db4f0fa383aaf0676fb7e3c660304fe390415c243f41a77c7f917d59b/simplejson-3.17.2.tar.gz", hash = "sha256:75ecc79f26d99222a084fbdd1ce5aad3ac3a8bd535cd9059528452da38b68841", size = 83210 }
wheels = [
    { url = "https://files.pythonhosted.org/packages/03/f7/fcf236756e660f8eebb216a7dcf93637918f07e9390346cc3dd740ae19df/simplejson-3.17.2-cp38-cp38-macosx_10_14_x86_64.whl", hash = "sha256:c94dc64b1a389a416fc4218cd4799aa3756f25940cae33530a4f7f2f54f166da", size = 74142 },
    { url = "https://files.pythonhosted.org/packages/82/ed/c5106b4062e973b181327e061d59c9a47a6c45c62135c278328a14895708/simplejson-3.17.2-cp38-cp38-manylinux1_i686.whl", hash = "sha256:b59aa298137ca74a744c1e6e22cfc0bf9dca3a2f41f51bc92eb05695155d905a", size = 136317 },
    { url = "https://files.pythonhosted.org/packages/57/a5/d0478d5307d08adce8aa88291704e2ffeadff71379341bfb1fcede1da19e/simplejson-3.17.2-cp38-cp38-manylinux1_x86_64.whl", hash = "sha256:ad8f41c2357b73bc9e8606d2fa226233bf4d55d85a8982ecdfd55823a6959995", size = 137942 },
    { url = "https://files.pythonhosted.org/packages/b0/56/34c6b026ae264feaa11addbe7c4154fa6098d029d666a61ea9e2c64e2886/simplejson-3.17.2-cp38-cp38-manylinux2010_i686.whl", hash = "sha256:845a14f6deb124a3bcb98a62def067a67462a000e0508f256f9c18eff5847efc", size = 136318 },
    { url = "https://files.pythonhosted.org/packages/55/ac/1a7ac72f402f8978996dab444567092fcd56fde372b8a31226139c719819/simplejson-3.17.2-cp38-cp38-manylinux2010_x86_64.whl", hash = "sha256:d0b64409df09edb4c365d95004775c988259efe9be39697d7315c42b7a5e7e94", size = 137943 },
    { url = "https://files.pythonhosted.org/packages/d0/44/e601327dacac1cedbe072eb75be3a511b8ea57d48b5f4b13fc8f0b4ba0a7/simplejson-3.17.2-cp38-cp38-manylinux2014_aarch64.whl", hash = "sha256:55d65f9cc1b733d85ef95ab11f559cce55c7649a2160da2ac7a078534da676c8", size = 137400 },
]

[[package]]
name = "six"
version = "1.15.0"
source = { registry = "https://pypi.org/simple" }
sdist = { url = "https://files.pythonhosted.org/packages/6b/34/415834bfdafca3c5f451532e8a8d9ba89a21c9743a0c59fbd0205c7f9426/six-1.15.0.tar.gz", hash = "sha256:30639c035cdb23534cd4aa2dd52c3bf48f06e5f4a941509c8bafd8ce11080259", size = 33917 }
wheels = [
    { url = "https://files.pythonhosted.org/packages/ee/ff/48bde5c0f013094d729fe4b0316ba2a24774b3ff1c52d924a8a4cb04078a/six-1.15.0-py2.py3-none-any.whl", hash = "sha256:8b74bedcbbbaca38ff6d7491d76f2b06b3592611af620f8426e82dddb04a5ced", size = 10963 },
]

[[package]]
name = "soupsieve"
version = "2.0.1"
source = { registry = "https://pypi.org/simple" }
sdist = { url = "https://files.pythonhosted.org/packages/3e/db/5ba900920642414333bdc3cb397075381d63eafc7e75c2373bbc560a9fa1/soupsieve-2.0.1.tar.gz", hash = "sha256:a59dc181727e95d25f781f0eb4fd1825ff45590ec8ff49eadfd7f1a537cc0232", size = 95986 }
wheels = [
    { url = "https://files.pythonhosted.org/packages/6f/8f/457f4a5390eeae1cc3aeab89deb7724c965be841ffca6cfca9197482e470/soupsieve-2.0.1-py3-none-any.whl", hash = "sha256:1634eea42ab371d3d346309b93df7870a88610f0725d47528be902a0d95ecc55", size = 32679 },
]

[[package]]
name = "sqlparse"
version = "0.3.1"
source = { registry = "https://pypi.org/simple" }
sdist = { url = "https://files.pythonhosted.org/packages/67/4b/253b6902c1526885af6d361ca8c6b1400292e649f0e9c95ee0d2e8ec8681/sqlparse-0.3.1.tar.gz", hash = "sha256:e162203737712307dfe78860cc56c8da8a852ab2ee33750e33aeadf38d12c548", size = 67572 }
wheels = [
    { url = "https://files.pythonhosted.org/packages/85/ee/6e821932f413a5c4b76be9c5936e313e4fc626b33f16e027866e1d60f588/sqlparse-0.3.1-py2.py3-none-any.whl", hash = "sha256:022fb9c87b524d1f7862b3037e541f68597a730a8843245c349fc93e1643dc4e", size = 40759 },
]

[[package]]
name = "unidecode"
version = "1.1.1"
source = { registry = "https://pypi.org/simple" }
sdist = { url = "https://files.pythonhosted.org/packages/b1/d6/7e2a98e98c43cf11406de6097e2656d31559f788e9210326ce6544bd7d40/Unidecode-1.1.1.tar.gz", hash = "sha256:2b6aab710c2a1647e928e36d69c21e76b453cd455f4e2621000e54b2a9b8cce8", size = 212151 }
wheels = [
    { url = "https://files.pythonhosted.org/packages/d0/42/d9edfed04228bacea2d824904cae367ee9efd05e6cce7ceaaedd0b0ad964/Unidecode-1.1.1-py2.py3-none-any.whl", hash = "sha256:1d7a042116536098d05d599ef2b8616759f02985c85b4fef50c78a5aaf10822a", size = 238337 },
]

[[package]]
name = "unify-events"
version = "2.6.2"
source = { virtual = "." }
dependencies = [
    { name = "asgiref" },
    { name = "beautifulsoup4" },
    { name = "bleach" },
    { name = "certifi" },
    { name = "chardet" },
    { name = "charset-normalizer" },
    { name = "clearcache-python" },
    { name = "django" },
    { name = "django-appconf" },
    { name = "django-bleach" },
    { name = "django-compressor" },
    { name = "django-filter" },
    { name = "django-taggit" },
    { name = "django-widget-tweaks" },
    { name = "gunicorn" },
    { name = "html2text" },
    { name = "html5lib" },
    { name = "idna" },
    { name = "lorem" },
    { name = "mysqlclient" },
    { name = "packaging" },
    { name = "pillow" },
    { name = "pyasn1" },
    { name = "pyasn1-modules" },
    { name = "pyparsing" },
    { name = "python-dateutil" },
    { name = "python-ldap" },
    { name = "pytz" },
    { name = "rcssmin" },
    { name = "requests" },
    { name = "rjsmin" },
    { name = "simplejson" },
    { name = "six" },
    { name = "soupsieve" },
    { name = "sqlparse" },
    { name = "unidecode" },
    { name = "urllib3" },
    { name = "webencodings" },
]

[package.metadata]
requires-dist = [
    { name = "asgiref", specifier = "==3.2.10" },
    { name = "beautifulsoup4", specifier = "==4.9.1" },
    { name = "bleach", specifier = "==3.3.0" },
    { name = "certifi", specifier = "==2020.6.20" },
    { name = "chardet", specifier = "==3.0.4" },
    { name = "charset-normalizer", specifier = "==2.0.12" },
    { name = "clearcache-python", specifier = "==0.0.8" },
    { name = "django", specifier = "==3.1.14" },
    { name = "django-appconf", specifier = "==1.0.4" },
    { name = "django-bleach", specifier = "==0.6.1" },
    { name = "django-compressor", specifier = "==2.4" },
    { name = "django-filter", specifier = "==2.4.0" },
    { name = "django-taggit", specifier = "==1.3.0" },
    { name = "django-widget-tweaks", specifier = "==1.4.8" },
    { name = "gunicorn", specifier = "==21.2.0" },
    { name = "html2text", specifier = "==2020.1.16" },
    { name = "html5lib", specifier = "==1.1" },
    { name = "idna", specifier = "==2.10" },
    { name = "lorem", specifier = "==0.1.1" },
    { name = "mysqlclient", specifier = ">=2.2.7" },
    { name = "packaging", specifier = "==20.4" },
    { name = "pillow", specifier = "==9.2.0" },
    { name = "pyasn1", specifier = "==0.4.8" },
    { name = "pyasn1-modules", specifier = "==0.2.8" },
    { name = "pyparsing", specifier = "==2.4.7" },
    { name = "python-dateutil", specifier = "==2.8.1" },
    { name = "python-ldap", specifier = "==3.4.0" },
    { name = "pytz", specifier = "==2020.1" },
    { name = "rcssmin", specifier = "==1.0.6" },
    { name = "requests", specifier = "==2.27.1" },
    { name = "rjsmin", specifier = "==1.1.0" },
    { name = "simplejson", specifier = "==3.17.2" },
    { name = "six", specifier = "==1.15.0" },
    { name = "soupsieve", specifier = "==2.0.1" },
    { name = "sqlparse", specifier = "==0.3.1" },
    { name = "unidecode", specifier = "==1.1.1" },
    { name = "urllib3", specifier = "==1.26.5" },
    { name = "webencodings", specifier = "==0.5.1" },
]

[[package]]
name = "urllib3"
version = "1.26.5"
source = { registry = "https://pypi.org/simple" }
sdist = { url = "https://files.pythonhosted.org/packages/94/40/c396b5b212533716949a4d295f91a4c100d51ba95ea9e2d96b6b0517e5a5/urllib3-1.26.5.tar.gz", hash = "sha256:a7acd0977125325f516bda9735fa7142b909a8d01e8b2e4c8108d0984e6e0098", size = 292865 }
wheels = [
    { url = "https://files.pythonhosted.org/packages/0c/cd/1e2ec680ec7b09846dc6e605f5a7709dfb9d7128e51a026e7154e18a234e/urllib3-1.26.5-py2.py3-none-any.whl", hash = "sha256:753a0374df26658f99d826cfe40394a686d05985786d946fbe4165b5148f5a7c", size = 138144 },
]

[[package]]
name = "webencodings"
version = "0.5.1"
source = { registry = "https://pypi.org/simple" }
sdist = { url = "https://files.pythonhosted.org/packages/0b/02/ae6ceac1baeda530866a85075641cec12989bd8d31af6d5ab4a3e8c92f47/webencodings-0.5.1.tar.gz", hash = "sha256:b36a1c245f2d304965eb4e0a82848379241dc04b865afcc4aab16748587e1923", size = 9721 }
wheels = [
    { url = "https://files.pythonhosted.org/packages/f4/24/2a3e3df732393fed8b3ebf2ec078f05546de641fe1b667ee316ec1dcf3b7/webencodings-0.5.1-py2.py3-none-any.whl", hash = "sha256:a0af1213f3c2226497a97e2b3aa01a7e4bee4f403f95be16fc9acd2947514a78", size = 11774 },
]
